
Microsoft Visual Studio Solution File, Format Version 12.00
# Visual Studio Version 17
VisualStudioVersion = 17.8.34330.188
MinimumVisualStudioVersion = 10.0.40219.1
Project("{FAE04EC0-301F-11D3-BF4B-00C04F79EFBC}") = "Cornote-Fullstack.Server", "Cornote-Fullstack.Server\Cornote-Fullstack.Server.csproj", "{1C630393-C8E6-44EE-9434-CB3D1342BA58}"
EndProject
Project("{54A90642-561A-4BB1-A94E-469ADEE60C69}") = "cornote-fullstack.client", "cornote-fullstack.client\cornote-fullstack.client.esproj", "{E60A737B-50B4-49CF-855D-534D87D94B59}"
EndProject
Global
	GlobalSection(SolutionConfigurationPlatforms) = preSolution
		Debug|Any CPU = Debug|Any CPU
		Release|Any CPU = Release|Any CPU
	EndGlobalSection
	GlobalSection(ProjectConfigurationPlatforms) = postSolution
		{1C630393-C8E6-44EE-9434-CB3D1342BA58}.Debug|Any CPU.ActiveCfg = Debug|Any CPU
		{1C630393-C8E6-44EE-9434-CB3D1342BA58}.Debug|Any CPU.Build.0 = Debug|Any CPU
		{1C630393-C8E6-44EE-9434-CB3D1342BA58}.Release|Any CPU.ActiveCfg = Release|Any CPU
		{1C630393-C8E6-44EE-9434-CB3D1342BA58}.Release|Any CPU.Build.0 = Release|Any CPU
		{E60A737B-50B4-49CF-855D-534D87D94B59}.Debug|Any CPU.ActiveCfg = Debug|Any CPU
		{E60A737B-50B4-49CF-855D-534D87D94B59}.Debug|Any CPU.Build.0 = Debug|Any CPU
		{E60A737B-50B4-49CF-855D-534D87D94B59}.Debug|Any CPU.Deploy.0 = Debug|Any CPU
		{E60A737B-50B4-49CF-855D-534D87D94B59}.Release|Any CPU.ActiveCfg = Release|Any CPU
		{E60A737B-50B4-49CF-855D-534D87D94B59}.Release|Any CPU.Build.0 = Release|Any CPU
		{E60A737B-50B4-49CF-855D-534D87D94B59}.Release|Any CPU.Deploy.0 = Release|Any CPU
	EndGlobalSection
	GlobalSection(SolutionProperties) = preSolution
		HideSolutionNode = FALSE
	EndGlobalSection
	GlobalSection(ExtensibilityGlobals) = postSolution
		SolutionGuid = {2E17864D-7F6C-4874-8E77-F632BA7C8000}
	EndGlobalSection
EndGlobal
